// !$*UTF8*$!
{
	archiveVersion = 1;
	classes = {
	};
	objectVersion = 46;
	objects = {

/* Begin PBXBuildFile section */
		D41A74501B9BEB33005B0320 /* main.m in Sources */ = {isa = PBXBuildFile; fileRef = D41A744B1B9BEB33005B0320 /* main.m */; };
		D41A74511B9BEB33005B0320 /* MMTestObjA.m in Sources */ = {isa = PBXBuildFile; fileRef = D41A744D1B9BEB33005B0320 /* MMTestObjA.m */; };
		D41A74521B9BEB33005B0320 /* MMAutoNilHelper.m in Sources */ = {isa = PBXBuildFile; fileRef = D41A744F1B9BEB33005B0320 /* MMAutoNilHelper.m */; };
		D41A74551B9BEC73005B0320 /* NSObject+MQAutoNilHelper.m in Sources */ = {isa = PBXBuildFile; fileRef = D41A74541B9BEC73005B0320 /* NSObject+MQAutoNilHelper.m */; };
/* End PBXBuildFile section */

/* Begin PBXCopyFilesBuildPhase section */
		D41A743F1B9BEB12005B0320 /* CopyFiles */ = {
			isa = PBXCopyFilesBuildPhase;
			buildActionMask = 2147483647;
			dstPath = /usr/share/man/man1/;
			dstSubfolderSpec = 0;
			files = (
			);
			runOnlyForDeploymentPostprocessing = 1;
		};
/* End PBXCopyFilesBuildPhase section */

/* Begin PBXFileReference section */
		D41A74411B9BEB12005B0320 /* MQAutoNilHelper */ = {isa = PBXFileReference; explicitFileType = "compiled.mach-o.executable"; includeInIndex = 0; path = MQAutoNilHelper; sourceTree = BUILT_PRODUCTS_DIR; };
		D41A744B1B9BEB33005B0320 /* main.m */ = {isa = PBXFileReference; fileEncoding = 4; lastKnownFileType = sourcecode.c.objc; path = main.m; sourceTree = "<group>"; };
		D41A744C1B9BEB33005B0320 /* MMTestObjA.h */ = {isa = PBXFileReference; fileEncoding = 4; lastKnownFileType = sourcecode.c.h; path = MMTestObjA.h; sourceTree = "<group>"; };
		D41A744D1B9BEB33005B0320 /* MMTestObjA.m */ = {isa = PBXFileReference; fileEncoding = 4; lastKnownFileType = sourcecode.c.objc; path = MMTestObjA.m; sourceTree = "<group>"; };
		D41A744E1B9BEB33005B0320 /* MMAutoNilHelper.h */ = {isa = PBXFileReference; fileEncoding = 4; lastKnownFileType = sourcecode.c.h; path = MMAutoNilHelper.h; sourceTree = "<group>"; };
		D41A744F1B9BEB33005B0320 /* MMAutoNilHelper.m */ = {isa = PBXFileReference; fileEncoding = 4; lastKnownFileType = sourcecode.c.objc; path = MMAutoNilHelper.m; sourceTree = "<group>"; };
		D41A74531B9BEC73005B0320 /* NSObject+MQAutoNilHelper.h */ = {isa = PBXFileReference; fileEncoding = 4; lastKnownFileType = sourcecode.c.h; path = "NSObject+MQAutoNilHelper.h"; sourceTree = "<group>"; };
		D41A74541B9BEC73005B0320 /* NSObject+MQAutoNilHelper.m */ = {isa = PBXFileReference; fileEncoding = 4; lastKnownFileType = sourcecode.c.objc; path = "NSObject+MQAutoNilHelper.m"; sourceTree = "<group>"; };
/* End PBXFileReference section */

/* Begin PBXFrameworksBuildPhase section */
		D41A743E1B9BEB12005B0320 /* Frameworks */ = {
			isa = PBXFrameworksBuildPhase;
			buildActionMask = 2147483647;
			files = (
			);
			runOnlyForDeploymentPostprocessing = 0;
		};
/* End PBXFrameworksBuildPhase section */

/* Begin PBXGroup section */
		D41A74381B9BEB12005B0320 = {
			isa = PBXGroup;
			children = (
				D41A74431B9BEB12005B0320 /* MQAutoNilHelper */,
				D41A74421B9BEB12005B0320 /* Products */,
			);
			sourceTree = "<group>";
		};
		D41A74421B9BEB12005B0320 /* Products */ = {
			isa = PBXGroup;
			children = (
				D41A74411B9BEB12005B0320 /* MQAutoNilHelper */,
			);
			name = Products;
			sourceTree = "<group>";
		};
		D41A74431B9BEB12005B0320 /* MQAutoNilHelper */ = {
			isa = PBXGroup;
			children = (
				D41A744B1B9BEB33005B0320 /* main.m */,
				D41A744C1B9BEB33005B0320 /* MMTestObjA.h */,
				D41A744D1B9BEB33005B0320 /* MMTestObjA.m */,
				D41A744E1B9BEB33005B0320 /* MMAutoNilHelper.h */,
				D41A744F1B9BEB33005B0320 /* MMAutoNilHelper.m */,
				D41A74531B9BEC73005B0320 /* NSObject+MQAutoNilHelper.h */,
				D41A74541B9BEC73005B0320 /* NSObject+MQAutoNilHelper.m */,
			);
			path = MQAutoNilHelper;
			sourceTree = "<group>";
		};
/* End PBXGroup section */

/* Begin PBXNativeTarget section */
		D41A74401B9BEB12005B0320 /* MQAutoNilHelper */ = {
			isa = PBXNativeTarget;
			buildConfigurationList = D41A74481B9BEB12005B0320 /* Build configuration list for PBXNativeTarget "MQAutoNilHelper" */;
			buildPhases = (
				D41A743D1B9BEB12005B0320 /* Sources */,
				D41A743E1B9BEB12005B0320 /* Frameworks */,
				D41A743F1B9BEB12005B0320 /* CopyFiles */,
			);
			buildRules = (
			);
			dependencies = (
			);
			name = MQAutoNilHelper;
			productName = MQAutoNilHelper;
			productReference = D41A74411B9BEB12005B0320 /* MQAutoNilHelper */;
			productType = "com.apple.product-type.tool";
		};
/* End PBXNativeTarget section */

/* Begin PBXProject section */
		D41A74391B9BEB12005B0320 /* Project object */ = {
			isa = PBXProject;
			attributes = {
				LastUpgradeCheck = 0640;
				ORGANIZATIONNAME = "马权";
				TargetAttributes = {
					D41A74401B9BEB12005B0320 = {
						CreatedOnToolsVersion = 6.4;
					};
				};
			};
			buildConfigurationList = D41A743C1B9BEB12005B0320 /* Build configuration list for PBXProject "MQAutoNilHelper" */;
			compatibilityVersion = "Xcode 3.2";
			developmentRegion = English;
			hasScannedForEncodings = 0;
			knownRegions = (
				en,
			);
			mainGroup = D41A74381B9BEB12005B0320;
			productRefGroup = D41A74421B9BEB12005B0320 /* Products */;
			projectDirPath = "";
			projectRoot = "";
			targets = (
				D41A74401B9BEB12005B0320 /* MQAutoNilHelper */,
			);
		};
/* End PBXProject section */

/* Begin PBXSourcesBuildPhase section */
		D41A743D1B9BEB12005B0320 /* Sources */ = {
			isa = PBXSourcesBuildPhase;
			buildActionMask = 2147483647;
			files = (
				D41A74501B9BEB33005B0320 /* main.m in Sources */,
				D41A74521B9BEB33005B0320 /* MMAutoNilHelper.m in Sources */,
				D41A74551B9BEC73005B0320 /* NSObject+MQAutoNilHelper.m in Sources */,
				D41A74511B9BEB33005B0320 /* MMTestObjA.m in Sources */,
			);
			runOnlyForDeploymentPostprocessing = 0;
		};
/* End PBXSourcesBuildPhase section */

/* Begin XCBuildConfiguration section */
		D41A74461B9BEB12005B0320 /* Debug */ = {
			isa = XCBuildConfiguration;
			buildSettings = {
				ALWAYS_SEARCH_USER_PATHS = NO;
				CLANG_CXX_LANGUAGE_STANDARD = "gnu++0x";
				CLANG_CXX_LIBRARY = "libc++";
				CLANG_ENABLE_MODULES = YES;
				CLANG_ENABLE_OBJC_ARC = YES;
				CLANG_WARN_BOOL_CONVERSION = YES;
				CLANG_WARN_CONSTANT_CONVERSION = YES;
				CLANG_WARN_DIRECT_OBJC_ISA_USAGE = YES_ERROR;
				CLANG_WARN_EMPTY_BODY = YES;
				CLANG_WARN_ENUM_CONVERSION = YES;
				CLANG_WARN_INT_CONVERSION = YES;
				CLANG_WARN_OBJC_ROOT_CLASS = YES_ERROR;
				CLANG_WARN_UNREACHABLE_CODE = YES;
				CLANG_WARN__DUPLICATE_METHOD_MATCH = YES;
				COPY_PHASE_STRIP = NO;
				DEBUG_INFORMATION_FORMAT = dwarf;
				ENABLE_STRICT_OBJC_MSGSEND = YES;
				GCC_C_LANGUAGE_STANDARD = gnu99;
				GCC_DYNAMIC_NO_PIC = NO;
				GCC_NO_COMMON_BLOCKS = YES;
				GCC_OPTIMIZATION_LEVEL = 0;
				GCC_PREPROCESSOR_DEFINITIONS = (
					"DEBUG=1",
					"$(inherited)",
				);
				GCC_SYMBOLS_PRIVATE_EXTERN = NO;
				GCC_WARN_64_TO_32_BIT_CONVERSION = YES;
				GCC_WARN_ABOUT_RETURN_TYPE = YES_ERROR;
				GCC_WARN_UNDECLARED_SELECTOR = YES;
				GCC_WARN_UNINITIALIZED_AUTOS = YES_AGGRESSIVE;
				GCC_WARN_UNUSED_FUNCTION = YES;
				GCC_WARN_UNUSED_VARIABLE = YES;
				MACOSX_DEPLOYMENT_TARGET = 10.10;
				MTL_ENABLE_DEBUG_INFO = YES;
				ONLY_ACTIVE_ARCH = YES;
				SDKROOT = macosx;
			};
			name = Debug;
		};
		D41A74471B9BEB12005B0320 /* Release */ = {
			isa = XCBuildConfiguration;
			buildSettings = {
				ALWAYS_SEARCH_USER_PATHS = NO;
				CLANG_CXX_LANGUAGE_STANDARD = "gnu++0x";
				CLANG_CXX_LIBRARY = "libc++";
				CLANG_ENABLE_MODULES = YES;
				CLANG_ENABLE_OBJC_ARC = YES;
				CLANG_WARN_BOOL_CONVERSION = YES;
				CLANG_WARN_CONSTANT_CONVERSION = YES;
				CLANG_WARN_DIRECT_OBJC_ISA_USAGE = YES_ERROR;
				CLANG_WARN_EMPTY_BODY = YES;
				CLANG_WARN_ENUM_CONVERSION = YES;
				CLANG_WARN_INT_CONVERSION = YES;
				CLANG_WARN_OBJC_ROOT_CLASS = YES_ERROR;
				CLANG_WARN_UNREACHABLE_CODE = YES;
				CLANG_WARN__DUPLICATE_METHOD_MATCH = YES;
				COPY_PHASE_STRIP = NO;
				DEBUG_INFORMATION_FORMAT = "dwarf-with-dsym";
				ENABLE_NS_ASSERTIONS = NO;
				ENABLE_STRICT_OBJC_MSGSEND = YES;
				GCC_C_LANGUAGE_STANDARD = gnu99;
				GCC_NO_COMMON_BLOCKS = YES;
				GCC_WARN_64_TO_32_BIT_CONVERSION = YES;
				GCC_WARN_ABOUT_RETURN_TYPE = YES_ERROR;
				GCC_WARN_UNDECLARED_SELECTOR = YES;
				GCC_WARN_UNINITIALIZED_AUTOS = YES_AGGRESSIVE;
				GCC_WARN_UNUSED_FUNCTION = YES;
				GCC_WARN_UNUSED_VARIABLE = YES;
				MACOSX_DEPLOYMENT_TARGET = 10.10;
				MTL_ENABLE_DEBUG_INFO = NO;
				SDKROOT = macosx;
			};
			name = Release;
		};
		D41A74491B9BEB12005B0320 /* Debug */ = {
			isa = XCBuildConfiguration;
			buildSettings = {
				CLANG_ENABLE_OBJC_ARC = NO;
				PRODUCT_NAME = "$(TARGET_NAME)";
			};
			name = Debug;
		};
		D41A744A1B9BEB12005B0320 /* Release */ = {
			isa = XCBuildConfiguration;
			buildSettings = {
				CLANG_ENABLE_OBJC_ARC = NO;
				PRODUCT_NAME = "$(TARGET_NAME)";
			};
			name = Release;
		};
/* End XCBuildConfiguration section */

/* Begin XCConfigurationList section */
		D41A743C1B9BEB12005B0320 /* Build configuration list for PBXProject "MQAutoNilHelper" */ = {
			isa = XCConfigurationList;
			buildConfigurations = (
				D41A74461B9BEB12005B0320 /* Debug */,
				D41A74471B9BEB12005B0320 /* Release */,
			);
			defaultConfigurationIsVisible = 0;
			defaultConfigurationName = Release;
		};
		D41A74481B9BEB12005B0320 /* Build configuration list for PBXNativeTarget "MQAutoNilHelper" */ = {
			isa = XCConfigurationList;
			buildConfigurations = (
				D41A74491B9BEB12005B0320 /* Debug */,
				D41A744A1B9BEB12005B0320 /* Release */,
			);
			defaultConfigurationIsVisible = 0;
			defaultConfigurationName = Release;
		};
/* End XCConfigurationList section */
	};
	rootObject = D41A74391B9BEB12005B0320 /* Project object */;
}
